
Microsoft Visual Studio Solution File, Format Version 12.00
# Visual Studio Version 17
VisualStudioVersion = 17.9.34902.65
MinimumVisualStudioVersion = 10.0.40219.1
Project("{9A19103F-16F7-4668-BE54-9A1E7A4F7556}") = "PhoneBookApp", "PhoneBookApp\PhoneBookApp.csproj", "{C6DDF877-D418-40B5-9B7D-364D08619E0D}"
EndProject
Project("{FAE04EC0-301F-11D3-BF4B-00C04F79EFBC}") = "PhoneBookAppUnitTest", "PhoneBookAppUnitTest\PhoneBookAppUnitTest.csproj", "{C25624AE-AAE2-49E5-B4B7-9EC3E8F295BA}"
EndProject
Global
	GlobalSection(SolutionConfigurationPlatforms) = preSolution
		Debug|Any CPU = Debug|Any CPU
		Release|Any CPU = Release|Any CPU
	EndGlobalSection
	GlobalSection(ProjectConfigurationPlatforms) = postSolution
		{C6DDF877-D418-40B5-9B7D-364D08619E0D}.Debug|Any CPU.ActiveCfg = Debug|Any CPU
		{C6DDF877-D418-40B5-9B7D-364D08619E0D}.Debug|Any CPU.Build.0 = Debug|Any CPU
		{C6DDF877-D418-40B5-9B7D-364D08619E0D}.Release|Any CPU.ActiveCfg = Release|Any CPU
		{C6DDF877-D418-40B5-9B7D-364D08619E0D}.Release|Any CPU.Build.0 = Release|Any CPU
		{C25624AE-AAE2-49E5-B4B7-9EC3E8F295BA}.Debug|Any CPU.ActiveCfg = Debug|Any CPU
		{C25624AE-AAE2-49E5-B4B7-9EC3E8F295BA}.Debug|Any CPU.Build.0 = Debug|Any CPU
		{C25624AE-AAE2-49E5-B4B7-9EC3E8F295BA}.Release|Any CPU.ActiveCfg = Release|Any CPU
		{C25624AE-AAE2-49E5-B4B7-9EC3E8F295BA}.Release|Any CPU.Build.0 = Release|Any CPU
	EndGlobalSection
	GlobalSection(SolutionProperties) = preSolution
		HideSolutionNode = FALSE
	EndGlobalSection
	GlobalSection(ExtensibilityGlobals) = postSolution
		SolutionGuid = {B5413C75-EA79-4EE6-9638-183A0FD0F2A5}
	EndGlobalSection
EndGlobal
